{
  "nodes": {
    "devour-flake": {
      "flake": false,
      "locked": {
        "lastModified": 1708783000,
        "narHash": "sha256-UYva75UjgL2izR5tVzgTBBvtYyCPiKTtn1UjCZyR3Zw=",
        "owner": "srid",
        "repo": "devour-flake",
        "rev": "bb0e0443291899a3f3fd85f87d2849f917692b1e",
        "type": "github"
      },
      "original": {
        "owner": "srid",
        "repo": "devour-flake",
        "type": "github"
      }
    },
    "devshell": {
      "inputs": {
        "flake-utils": "flake-utils",
        "nixpkgs": [
          "nixpkgs"
        ]
      },
      "locked": {
        "lastModified": 1708939976,
        "narHash": "sha256-O5+nFozxz2Vubpdl1YZtPrilcIXPcRAjqNdNE8oCRoA=",
        "owner": "numtide",
        "repo": "devshell",
        "rev": "5ddecd67edbd568ebe0a55905273e56cc82aabe3",
        "type": "github"
      },
      "original": {
        "owner": "numtide",
        "repo": "devshell",
        "type": "github"
      }
    },
    "devshell_2": {
      "inputs": {
        "flake-utils": [
          "ethereum-nix",
          "flake-utils"
        ],
        "nixpkgs": [
          "ethereum-nix",
          "nixpkgs"
        ]
      },
      "locked": {
        "lastModified": 1705332421,
        "narHash": "sha256-USpGLPme1IuqG78JNqSaRabilwkCyHmVWY0M9vYyqEA=",
        "owner": "numtide",
        "repo": "devshell",
        "rev": "83cb93d6d063ad290beee669f4badf9914cc16ec",
        "type": "github"
      },
      "original": {
        "owner": "numtide",
        "repo": "devshell",
        "type": "github"
      }
    },
    "ethereum-nix": {
      "inputs": {
        "devour-flake": "devour-flake",
        "devshell": "devshell_2",
        "flake-compat": "flake-compat",
        "flake-parts": "flake-parts",
        "flake-utils": "flake-utils_2",
        "foundry-nix": "foundry-nix",
        "lib-extras": "lib-extras",
        "nixpkgs": "nixpkgs",
        "nixpkgs-unstable": "nixpkgs-unstable",
        "poetry2nix": "poetry2nix",
        "systems": "systems_2",
        "treefmt-nix": "treefmt-nix"
      },
      "locked": {
        "lastModified": 1708941824,
        "narHash": "sha256-5ec5Rrqkrc48mSp8DwoCJvWhCxWeuYncv7OVcGA465Y=",
        "owner": "nix-community",
        "repo": "ethereum.nix",
        "rev": "3ea459a032a2530b83ea0525111d750003a08655",
        "type": "github"
      },
      "original": {
        "owner": "nix-community",
        "repo": "ethereum.nix",
        "type": "github"
      }
    },
    "fenix": {
      "inputs": {
        "nixpkgs": [
          "statix",
          "nixpkgs"
        ],
        "rust-analyzer-src": "rust-analyzer-src"
      },
      "locked": {
        "lastModified": 1645251813,
        "narHash": "sha256-cQ66tGjnZclBCS3nD26mZ5fUH+3/HnysGffBiWXUSHk=",
        "owner": "nix-community",
        "repo": "fenix",
        "rev": "9892337b588c38ec59466a1c89befce464aae7f8",
        "type": "github"
      },
      "original": {
        "owner": "nix-community",
        "repo": "fenix",
        "type": "github"
      }
    },
    "flake-compat": {
      "locked": {
        "lastModified": 1688025799,
        "narHash": "sha256-ktpB4dRtnksm9F5WawoIkEneh1nrEvuxb5lJFt1iOyw=",
        "owner": "nix-community",
        "repo": "flake-compat",
        "rev": "8bf105319d44f6b9f0d764efa4fdef9f1cc9ba1c",
        "type": "github"
      },
      "original": {
        "owner": "nix-community",
        "repo": "flake-compat",
        "type": "github"
      }
    },
    "flake-parts": {
      "inputs": {
        "nixpkgs-lib": [
          "ethereum-nix",
          "nixpkgs"
        ]
      },
      "locked": {
        "lastModified": 1706830856,
        "narHash": "sha256-a0NYyp+h9hlb7ddVz4LUn1vT/PLwqfrWYcHMvFB1xYg=",
        "owner": "hercules-ci",
        "repo": "flake-parts",
        "rev": "b253292d9c0a5ead9bc98c4e9a26c6312e27d69f",
        "type": "github"
      },
      "original": {
        "owner": "hercules-ci",
        "repo": "flake-parts",
        "type": "github"
      }
    },
    "flake-parts_2": {
      "inputs": {
        "nixpkgs-lib": [
          "nixpkgs"
        ]
      },
      "locked": {
        "lastModified": 1706830856,
        "narHash": "sha256-a0NYyp+h9hlb7ddVz4LUn1vT/PLwqfrWYcHMvFB1xYg=",
        "owner": "hercules-ci",
        "repo": "flake-parts",
        "rev": "b253292d9c0a5ead9bc98c4e9a26c6312e27d69f",
        "type": "github"
      },
      "original": {
        "owner": "hercules-ci",
        "repo": "flake-parts",
        "type": "github"
      }
    },
    "flake-root": {
      "locked": {
        "lastModified": 1692742795,
        "narHash": "sha256-f+Y0YhVCIJ06LemO+3Xx00lIcqQxSKJHXT/yk1RTKxw=",
        "owner": "srid",
        "repo": "flake-root",
        "rev": "d9a70d9c7a5fd7f3258ccf48da9335e9b47c3937",
        "type": "github"
      },
      "original": {
        "owner": "srid",
        "repo": "flake-root",
        "type": "github"
      }
    },
    "flake-utils": {
      "inputs": {
        "systems": "systems"
      },
      "locked": {
        "lastModified": 1701680307,
        "narHash": "sha256-kAuep2h5ajznlPMD9rnQyffWG8EM/C73lejGofXvdM8=",
        "owner": "numtide",
        "repo": "flake-utils",
        "rev": "4022d587cbbfd70fe950c1e2083a02621806a725",
        "type": "github"
      },
      "original": {
        "owner": "numtide",
        "repo": "flake-utils",
        "type": "github"
      }
    },
    "flake-utils_2": {
      "inputs": {
        "systems": [
          "ethereum-nix",
          "systems"
        ]
      },
      "locked": {
        "lastModified": 1705309234,
        "narHash": "sha256-uNRRNRKmJyCRC/8y1RqBkqWBLM034y4qN7EprSdmgyA=",
        "owner": "numtide",
        "repo": "flake-utils",
        "rev": "1ef2e671c3b0c19053962c07dbda38332dcebf26",
        "type": "github"
      },
      "original": {
        "owner": "numtide",
        "repo": "flake-utils",
        "type": "github"
      }
    },
    "flake-utils_3": {
      "locked": {
        "lastModified": 1667077288,
        "narHash": "sha256-bdC8sFNDpT0HK74u9fUkpbf1MEzVYJ+ka7NXCdgBoaA=",
        "owner": "numtide",
        "repo": "flake-utils",
        "rev": "6ee9ebb6b1ee695d2cacc4faa053a7b9baa76817",
        "type": "github"
      },
      "original": {
        "owner": "numtide",
        "repo": "flake-utils",
        "type": "github"
      }
    },
    "foundry-nix": {
      "inputs": {
        "flake-utils": [
          "ethereum-nix",
          "flake-utils"
        ],
        "nixpkgs": [
          "ethereum-nix",
          "nixpkgs"
        ]
      },
      "locked": {
        "lastModified": 1707037862,
        "narHash": "sha256-jCNrmFDx+neh7Uz0Q2kmqz19Yyz8OxnGoZpzd2w3SME=",
        "owner": "shazow",
        "repo": "foundry.nix",
        "rev": "03b8af1efb00c51dceaac92462dc77b1b57683e0",
        "type": "github"
      },
      "original": {
        "owner": "shazow",
        "ref": "monthly",
        "repo": "foundry.nix",
        "type": "github"
      }
    },
    "lib-extras": {
      "inputs": {
        "devshell": [
          "ethereum-nix",
          "devshell"
        ],
        "flake-parts": [
          "ethereum-nix",
          "flake-parts"
        ],
        "flake-root": "flake-root",
        "nixpkgs": [
          "ethereum-nix",
          "nixpkgs"
        ],
        "treefmt-nix": [
          "ethereum-nix",
          "treefmt-nix"
        ]
      },
      "locked": {
        "lastModified": 1699974671,
        "narHash": "sha256-4EsuPiX4pGEg8ME9ONn8ebY1ZKYLOp9DRCcdTrOj8sY=",
        "owner": "aldoborrero",
        "repo": "lib-extras",
        "rev": "83c8935af27738b8b155e0077522220d81865269",
        "type": "github"
      },
      "original": {
        "owner": "aldoborrero",
        "ref": "v0.2.2",
        "repo": "lib-extras",
        "type": "github"
      }
    },
    "nix-github-actions": {
      "inputs": {
        "nixpkgs": [
          "ethereum-nix",
          "poetry2nix",
          "nixpkgs"
        ]
      },
      "locked": {
        "lastModified": 1703863825,
        "narHash": "sha256-rXwqjtwiGKJheXB43ybM8NwWB8rO2dSRrEqes0S7F5Y=",
        "owner": "nix-community",
        "repo": "nix-github-actions",
        "rev": "5163432afc817cf8bd1f031418d1869e4c9d5547",
        "type": "github"
      },
      "original": {
        "owner": "nix-community",
        "repo": "nix-github-actions",
        "type": "github"
      }
    },
    "nix-github-actions_2": {
      "inputs": {
        "nixpkgs": [
          "nixpkgs"
        ]
      },
      "locked": {
        "lastModified": 1703863825,
        "narHash": "sha256-rXwqjtwiGKJheXB43ybM8NwWB8rO2dSRrEqes0S7F5Y=",
        "owner": "nix-community",
        "repo": "nix-github-actions",
        "rev": "5163432afc817cf8bd1f031418d1869e4c9d5547",
        "type": "github"
      },
      "original": {
        "owner": "nix-community",
        "repo": "nix-github-actions",
        "type": "github"
      }
    },
    "nixpkgs": {
      "locked": {
        "lastModified": 1701282334,
        "narHash": "sha256-MxCVrXY6v4QmfTwIysjjaX0XUhqBbxTWWB4HXtDYsdk=",
        "owner": "nixos",
        "repo": "nixpkgs",
        "rev": "057f9aecfb71c4437d2b27d3323df7f93c010b7e",
        "type": "github"
      },
      "original": {
        "owner": "nixos",
        "ref": "23.11",
        "repo": "nixpkgs",
        "type": "github"
      }
    },
    "nixpkgs-unstable": {
      "locked": {
        "lastModified": 1708751719,
        "narHash": "sha256-0uWOKSpXJXmXswOvDM5Vk3blB74apFB6rNGWV5IjoN0=",
        "owner": "nixos",
        "repo": "nixpkgs",
        "rev": "f63ce824cd2f036216eb5f637dfef31e1a03ee89",
        "type": "github"
      },
      "original": {
        "owner": "nixos",
        "ref": "nixpkgs-unstable",
        "repo": "nixpkgs",
        "type": "github"
      }
    },
    "nixpkgs_2": {
      "locked": {
        "lastModified": 1708807242,
        "narHash": "sha256-sRTRkhMD4delO/hPxxi+XwLqPn8BuUq6nnj4JqLwOu0=",
        "owner": "nixos",
        "repo": "nixpkgs",
        "rev": "73de017ef2d18a04ac4bfd0c02650007ccb31c2a",
        "type": "github"
      },
      "original": {
        "owner": "nixos",
        "ref": "nixos-unstable",
        "repo": "nixpkgs",
        "type": "github"
      }
    },
    "poetry2nix": {
      "inputs": {
        "flake-utils": [
          "ethereum-nix",
          "flake-utils"
        ],
        "nix-github-actions": "nix-github-actions",
        "nixpkgs": [
          "ethereum-nix",
          "nixpkgs"
        ],
        "systems": [
          "ethereum-nix",
          "systems"
        ],
        "treefmt-nix": [
          "ethereum-nix",
          "treefmt-nix"
        ]
      },
      "locked": {
        "lastModified": 1708589824,
        "narHash": "sha256-2GOiFTkvs5MtVF65sC78KNVxQSmsxtk0WmV1wJ9V2ck=",
        "owner": "nix-community",
        "repo": "poetry2nix",
        "rev": "3c92540611f42d3fb2d0d084a6c694cd6544b609",
        "type": "github"
      },
      "original": {
        "owner": "nix-community",
        "repo": "poetry2nix",
        "type": "github"
      }
    },
    "pre-commit-hooks-nix": {
      "inputs": {
        "flake-utils": "flake-utils_3",
        "nixpkgs": [
          "nixpkgs"
        ]
      },
      "locked": {
        "lastModified": 1667612001,
        "narHash": "sha256-bnXYCDzkviKNeYwnh3YW2HpgSgUMnSGVsTtHNLXBXfE=",
        "owner": "hercules-ci",
        "repo": "pre-commit-hooks.nix",
        "rev": "1ee64b852871d790a49f0b8e17b788f5eeb2d52a",
        "type": "github"
      },
      "original": {
        "owner": "hercules-ci",
        "ref": "flakeModule",
        "repo": "pre-commit-hooks.nix",
        "type": "github"
      }
    },
    "root": {
      "inputs": {
        "devshell": "devshell",
        "ethereum-nix": "ethereum-nix",
        "flake-parts": "flake-parts_2",
        "nix-github-actions": "nix-github-actions_2",
        "nixpkgs": "nixpkgs_2",
        "pre-commit-hooks-nix": "pre-commit-hooks-nix",
        "statix": "statix",
        "treefmt-nix": "treefmt-nix_2"
      }
    },
    "rust-analyzer-src": {
      "flake": false,
      "locked": {
        "lastModified": 1645205556,
        "narHash": "sha256-e4lZW3qRyOEJ+vLKFQP7m2Dxh5P44NrnekZYLxlucww=",
        "owner": "rust-analyzer",
        "repo": "rust-analyzer",
        "rev": "acf5874b39f3dc5262317a6074d9fc7285081161",
        "type": "github"
      },
      "original": {
        "owner": "rust-analyzer",
        "ref": "nightly",
        "repo": "rust-analyzer",
        "type": "github"
      }
    },
    "statix": {
      "inputs": {
        "fenix": "fenix",
        "nixpkgs": [
          "nixpkgs"
        ]
      },
      "locked": {
        "lastModified": 1694259368,
        "narHash": "sha256-bMs3XMiGP6sXCqdjna4xoV6CANOIWuISSzCaL5LYY4c=",
        "owner": "nerdypepper",
        "repo": "statix",
        "rev": "d324490e45bcda1b664f28b6f88da8580deda76b",
        "type": "github"
      },
      "original": {
        "owner": "nerdypepper",
        "repo": "statix",
        "type": "github"
      }
    },
    "systems": {
      "locked": {
        "lastModified": 1681028828,
        "narHash": "sha256-Vy1rq5AaRuLzOxct8nz4T6wlgyUR7zLU309k9mBC768=",
        "owner": "nix-systems",
        "repo": "default",
        "rev": "da67096a3b9bf56a91d16901293e51ba5b49a27e",
        "type": "github"
      },
      "original": {
        "owner": "nix-systems",
        "repo": "default",
        "type": "github"
      }
    },
    "systems_2": {
      "locked": {
        "lastModified": 1681028828,
        "narHash": "sha256-Vy1rq5AaRuLzOxct8nz4T6wlgyUR7zLU309k9mBC768=",
        "owner": "nix-systems",
        "repo": "default",
        "rev": "da67096a3b9bf56a91d16901293e51ba5b49a27e",
        "type": "github"
      },
      "original": {
        "owner": "nix-systems",
        "repo": "default",
        "type": "github"
      }
    },
    "treefmt-nix": {
      "inputs": {
        "nixpkgs": [
          "ethereum-nix",
          "nixpkgs"
        ]
      },
      "locked": {
        "lastModified": 1708681819,
        "narHash": "sha256-+YIvy0dDZw8KIFVPS9i+mTHf2RqSJ0+dBB9AXBvDTks=",
        "owner": "numtide",
        "repo": "treefmt-nix",
        "rev": "36fd6923c122a983bc3915692e6cb3ff341ef083",
        "type": "github"
      },
      "original": {
        "owner": "numtide",
        "repo": "treefmt-nix",
        "type": "github"
      }
    },
    "treefmt-nix_2": {
      "inputs": {
        "nixpkgs": [
          "nixpkgs"
        ]
      },
      "locked": {
        "lastModified": 1708897213,
        "narHash": "sha256-QECZB+Hgz/2F/8lWvHNk05N6NU/rD9bWzuNn6Cv8oUk=",
        "owner": "numtide",
        "repo": "treefmt-nix",
        "rev": "e497a9ddecff769c2a7cbab51e1ed7a8501e7a3a",
        "type": "github"
      },
      "original": {
        "owner": "numtide",
        "repo": "treefmt-nix",
        "type": "github"
      }
    }
  },
  "root": "root",
  "version": 7
}
